
Microsoft Visual Studio Solution File, Format Version 12.00
# Visual Studio 15
VisualStudioVersion = 15.0.28307.136
MinimumVisualStudioVersion = 10.0.40219.1
Project("{888888A0-9F3D-457C-B088-3A5042F75D52}") = "PythonProject2", "PythonProject2.pyproj", "{9BAA85B4-872E-4E1C-975B-C17A39FB0341}"
EndProject
Global
	GlobalSection(SolutionConfigurationPlatforms) = preSolution
		Debug|Any CPU = Debug|Any CPU
		Release|Any CPU = Release|Any CPU
	EndGlobalSection
	GlobalSection(ProjectConfigurationPlatforms) = postSolution
		{9BAA85B4-872E-4E1C-975B-C17A39FB0341}.Debug|Any CPU.ActiveCfg = Debug|Any CPU
		{9BAA85B4-872E-4E1C-975B-C17A39FB0341}.Release|Any CPU.ActiveCfg = Release|Any CPU
	EndGlobalSection
	GlobalSection(SolutionProperties) = preSolution
		HideSolutionNode = FALSE
	EndGlobalSection
	GlobalSection(ExtensibilityGlobals) = postSolution
		SolutionGuid = {14334E64-FA95-4EBA-BC7F-999A3A96F7AB}
	EndGlobalSection
EndGlobal
